
Microsoft Visual Studio Solution File, Format Version 12.00
# Visual Studio for Mac
Project("{FAE04EC0-301F-11D3-BF4B-00C04F79EFBC}") = "Assembly-CSharp", "Assembly-CSharp.csproj", "{C5A13D93-34CF-B8F4-2B72-1BB0054F6B63}"
EndProject
Project("{FAE04EC0-301F-11D3-BF4B-00C04F79EFBC}") = "Assembly-CSharp-Editor-firstpass", "Assembly-CSharp-Editor-firstpass.csproj", "{6C8C3F1D-630B-9D30-85EB-5D3688D11FD0}"
EndProject
Global
	GlobalSection(SolutionConfigurationPlatforms) = preSolution
		Debug|Any CPU = Debug|Any CPU
		Release|Any CPU = Release|Any CPU
	EndGlobalSection
	GlobalSection(ProjectConfigurationPlatforms) = postSolution
		{C5A13D93-34CF-B8F4-2B72-1BB0054F6B63}.Debug|Any CPU.ActiveCfg = Debug|Any CPU
		{C5A13D93-34CF-B8F4-2B72-1BB0054F6B63}.Debug|Any CPU.Build.0 = Debug|Any CPU
		{C5A13D93-34CF-B8F4-2B72-1BB0054F6B63}.Release|Any CPU.ActiveCfg = Release|Any CPU
		{C5A13D93-34CF-B8F4-2B72-1BB0054F6B63}.Release|Any CPU.Build.0 = Release|Any CPU
		{6C8C3F1D-630B-9D30-85EB-5D3688D11FD0}.Debug|Any CPU.ActiveCfg = Debug|Any CPU
		{6C8C3F1D-630B-9D30-85EB-5D3688D11FD0}.Debug|Any CPU.Build.0 = Debug|Any CPU
		{6C8C3F1D-630B-9D30-85EB-5D3688D11FD0}.Release|Any CPU.ActiveCfg = Release|Any CPU
		{6C8C3F1D-630B-9D30-85EB-5D3688D11FD0}.Release|Any CPU.Build.0 = Release|Any CPU
	EndGlobalSection
	GlobalSection(SolutionProperties) = preSolution
		HideSolutionNode = FALSE
	EndGlobalSection
EndGlobal
